
Microsoft Visual Studio Solution File, Format Version 12.00
Project("{FAE04EC0-301F-11D3-BF4B-00C04F79EFBC}") = "Models", "Models\Models.csproj", "{0FEA491D-2B2C-49E1-A069-75A41427F925}"
EndProject
Project("{FAE04EC0-301F-11D3-BF4B-00C04F79EFBC}") = "WebAPI", "WebAPI\WebAPI.csproj", "{02571214-DA3F-4EE4-BDF5-EB5AFEA08FD3}"
EndProject
Project("{FAE04EC0-301F-11D3-BF4B-00C04F79EFBC}") = "Database", "Database\Database.csproj", "{3BAF49B9-9763-4845-BF63-C1BA6827481D}"
EndProject
Global
	GlobalSection(SolutionConfigurationPlatforms) = preSolution
		Debug|Any CPU = Debug|Any CPU
		Release|Any CPU = Release|Any CPU
	EndGlobalSection
	GlobalSection(ProjectConfigurationPlatforms) = postSolution
		{0FEA491D-2B2C-49E1-A069-75A41427F925}.Debug|Any CPU.ActiveCfg = Debug|Any CPU
		{0FEA491D-2B2C-49E1-A069-75A41427F925}.Debug|Any CPU.Build.0 = Debug|Any CPU
		{0FEA491D-2B2C-49E1-A069-75A41427F925}.Release|Any CPU.ActiveCfg = Release|Any CPU
		{0FEA491D-2B2C-49E1-A069-75A41427F925}.Release|Any CPU.Build.0 = Release|Any CPU
		{02571214-DA3F-4EE4-BDF5-EB5AFEA08FD3}.Debug|Any CPU.ActiveCfg = Debug|Any CPU
		{02571214-DA3F-4EE4-BDF5-EB5AFEA08FD3}.Debug|Any CPU.Build.0 = Debug|Any CPU
		{02571214-DA3F-4EE4-BDF5-EB5AFEA08FD3}.Release|Any CPU.ActiveCfg = Release|Any CPU
		{02571214-DA3F-4EE4-BDF5-EB5AFEA08FD3}.Release|Any CPU.Build.0 = Release|Any CPU
		{3BAF49B9-9763-4845-BF63-C1BA6827481D}.Debug|Any CPU.ActiveCfg = Debug|Any CPU
		{3BAF49B9-9763-4845-BF63-C1BA6827481D}.Debug|Any CPU.Build.0 = Debug|Any CPU
		{3BAF49B9-9763-4845-BF63-C1BA6827481D}.Release|Any CPU.ActiveCfg = Release|Any CPU
		{3BAF49B9-9763-4845-BF63-C1BA6827481D}.Release|Any CPU.Build.0 = Release|Any CPU
	EndGlobalSection
EndGlobal
