
Microsoft Visual Studio Solution File, Format Version 12.00
Project("{FAE04EC0-301F-11D3-BF4B-00C04F79EFBC}") = "DnDProject", "DnDProject\DnDProject.csproj", "{263F284C-54A7-4D86-BD71-22987DF2A94E}"
EndProject
Project("{FAE04EC0-301F-11D3-BF4B-00C04F79EFBC}") = "Models", "Models\Models.csproj", "{0FEA491D-2B2C-49E1-A069-75A41427F925}"
EndProject
Project("{FAE04EC0-301F-11D3-BF4B-00C04F79EFBC}") = "Views", "Views\Views.csproj", "{DFE72083-C5D2-4308-8755-50DB18CC58EF}"
EndProject
Global
	GlobalSection(SolutionConfigurationPlatforms) = preSolution
		Debug|Any CPU = Debug|Any CPU
		Release|Any CPU = Release|Any CPU
	EndGlobalSection
	GlobalSection(ProjectConfigurationPlatforms) = postSolution
		{263F284C-54A7-4D86-BD71-22987DF2A94E}.Debug|Any CPU.ActiveCfg = Debug|Any CPU
		{263F284C-54A7-4D86-BD71-22987DF2A94E}.Debug|Any CPU.Build.0 = Debug|Any CPU
		{263F284C-54A7-4D86-BD71-22987DF2A94E}.Release|Any CPU.ActiveCfg = Release|Any CPU
		{263F284C-54A7-4D86-BD71-22987DF2A94E}.Release|Any CPU.Build.0 = Release|Any CPU
		{0FEA491D-2B2C-49E1-A069-75A41427F925}.Debug|Any CPU.ActiveCfg = Debug|Any CPU
		{0FEA491D-2B2C-49E1-A069-75A41427F925}.Debug|Any CPU.Build.0 = Debug|Any CPU
		{0FEA491D-2B2C-49E1-A069-75A41427F925}.Release|Any CPU.ActiveCfg = Release|Any CPU
		{0FEA491D-2B2C-49E1-A069-75A41427F925}.Release|Any CPU.Build.0 = Release|Any CPU
		{DFE72083-C5D2-4308-8755-50DB18CC58EF}.Debug|Any CPU.ActiveCfg = Debug|Any CPU
		{DFE72083-C5D2-4308-8755-50DB18CC58EF}.Debug|Any CPU.Build.0 = Debug|Any CPU
		{DFE72083-C5D2-4308-8755-50DB18CC58EF}.Release|Any CPU.ActiveCfg = Release|Any CPU
		{DFE72083-C5D2-4308-8755-50DB18CC58EF}.Release|Any CPU.Build.0 = Release|Any CPU
	EndGlobalSection
EndGlobal
